{
  "R": {
    "Version": "4.4.3",
    "Repositories": [
      {
        "Name": "CRAN",
        "URL": "https://packagemanager.posit.co/cran/2025-09-22"
      }
    ]
  },
  "Packages": {
    "Achilles": {
      "Package": "Achilles",
      "Version": "1.7.2",
      "Source": "GitHub",
      "Type": "Package",
      "Title": "Achilles Data Source Characterization",
      "Date": "2023-05-11",
      "Authors@R": "c( person(\"Frank\", \"DeFalco\", email = \"fdefalco@ohdsi.org\", role = c(\"aut\",\"cre\")),   person(\"Patrick\", \"Ryan\", email = \"ryan@ohdsi.org\", role = c(\"aut\")),   person(\"Martijn\", \"Schuemie\", email = \"schuemie@ohdsi.org\", role = c(\"aut\")), person(\"Vojtech\", \"Huser\", role = c(\"aut\")), person(\"Chris\", \"Knoll\", role = c(\"aut\")), person(\"Ajit\", \"Londhe\", email = \"londhe@ohdsi.org\", role = c(\"aut\")), person(\"Taha\", \"Abdul-Basser\", role = c(\"aut\")), person(\"Anthony\", \"Molinaro\", role = c(\"aut\")), person(\"Observational Health Data Science and Informatics\", role = c(\"cph\")) )",
      "Maintainer": "Frank DeFalco <fdefalco@ohdsi.org>",
      "LazyData": "true",
      "Description": "Automated Characterization of Health Information at Large-Scale  Longitudinal Evidence Systems. Creates a descriptive statistics summary for  an Observational Medical Outcomes Partnership Common Data Model standardized  data source. This package includes functions for executing summary queries on  the specified data source and exporting reporting content for use across a  variety of Observational Health Data Sciences and Informatics community  applications.",
      "Depends": [
        "DatabaseConnector (>= 2.0.0)",
        "R (>= 4.0.0)"
      ],
      "Imports": [
        "SqlRender (>= 1.6.0)",
        "dplyr",
        "jsonlite",
        "ParallelLogger",
        "readr",
        "data.table",
        "lubridate",
        "tseries",
        "rlang"
      ],
      "Suggests": [
        "DT",
        "magrittr",
        "tidyr",
        "knitr",
        "rmarkdown",
        "testthat (>= 3.0.0)",
        "withr"
      ],
      "VignetteBuilder": "knitr",
      "License": "Apache License",
      "Roxygen": "list()",
      "RoxygenNote": "7.2.3",
      "Encoding": "UTF-8",
      "Config/testthat/edition": "3",
      "Author": "Frank DeFalco [aut, cre], Patrick Ryan [aut], Martijn Schuemie [aut], Vojtech Huser [aut], Chris Knoll [aut], Ajit Londhe [aut], Taha Abdul-Basser [aut], Anthony Molinaro [aut], Observational Health Data Science and Informatics [cph]",
      "RemoteType": "github",
      "RemoteHost": "api.github.com",
      "RemoteUsername": "OHDSI",
      "RemoteRepo": "Achilles",
      "RemoteRef": "v1.7.2",
      "RemoteSha": "86741da9c8ad74a5be7785d7b9da24aacfa4c09e"
    },
    "CirceR": {
      "Package": "CirceR",
      "Version": "1.3.3",
      "Source": "GitHub",
      "Type": "Package",
      "Title": "Construct Cohort Inclusion and Restriction Criteria Expressions",
      "Date": "2024-03-20",
      "Authors@R": "c( person(\"Chris\", \"Knoll\", , \"cknoll@ohdsi.org\", role = c(\"aut\", \"cre\")), person(\"Martijn\", \"Schuemie\", role = c(\"aut\")) )",
      "Maintainer": "Chris Knoll <cknoll@ohdsi.org>",
      "Description": "Wraps the 'CIRCE' (<https://github.com/ohdsi/circe-be>) 'Java' library allowing cohort definition expressions to be edited and converted to  'Markdown' or 'SQL'.",
      "License": "Apache License 2.0",
      "URL": "https://ohdsi.github.io/CirceR/, https://github.com/OHDSI/CirceR/",
      "BugReports": "https://github.com/OHDSI/CirceR/issues/",
      "SystemRequirements": "Java (>= 8)",
      "Depends": [
        "R (>= 3.5.0)"
      ],
      "Imports": [
        "rJava",
        "RJSONIO"
      ],
      "Suggests": [
        "testthat",
        "knitr",
        "rmarkdown"
      ],
      "NeedsCompilation": "no",
      "RoxygenNote": "7.3.1",
      "Language": "en-US",
      "Encoding": "UTF-8",
      "Author": "Chris Knoll [aut, cre], Martijn Schuemie [aut]",
      "RemoteType": "github",
      "RemoteHost": "api.github.com",
      "RemoteUsername": "OHDSI",
      "RemoteRepo": "CirceR",
      "RemoteRef": "v1.3.3",
      "RemoteSha": "30303ec28bfd3bd4deffc9f84e7b8f9ddbf93c77"
    },
    "CohortGenerator": {
      "Package": "CohortGenerator",
      "Version": "0.11.2",
      "Source": "GitHub",
      "Type": "Package",
      "Title": "Cohort Generation for the OMOP Common Data Model",
      "Date": "2024-09-30",
      "Authors@R": "c( person(\"Anthony\", \"Sena\", email = \"sena@ohdsi.org\", role = c(\"aut\", \"cre\")), person(\"Jamie\", \"Gilbert\", role = c(\"aut\")), person(\"Gowtham\", \"Rao\", email = \"gowthamrao@gmail.com\", role = c(\"aut\")), person(\"Martijn\", \"Schuemie\", email = \"schuemie@ohdsi.org\", role = c(\"aut\")), person(\"Observational Health Data Science and Informatics\", role = c(\"cph\")) )",
      "Maintainer": "Anthony Sena <sena@ohdsi.org>",
      "Description": "Generate cohorts and subsets using an Observational  Medical Outcomes Partnership (OMOP) Common Data Model (CDM) Database.  Cohorts are  defined using 'CIRCE' (<https://github.com/ohdsi/circe-be>) or  SQL compatible with 'SqlRender' (<https://github.com/OHDSI/SqlRender>).",
      "Depends": [
        "DatabaseConnector (>= 5.0.0)",
        "R (>= 3.6.0)",
        "R6"
      ],
      "Imports": [
        "checkmate",
        "digest",
        "dplyr",
        "lubridate",
        "methods",
        "ParallelLogger (>= 3.0.0)",
        "readr (>= 2.1.0)",
        "rlang",
        "RJSONIO",
        "jsonlite",
        "ResultModelManager",
        "SqlRender (>= 1.11.1)",
        "stringi (>= 1.7.6)",
        "tibble"
      ],
      "Suggests": [
        "CirceR (>= 1.1.1)",
        "Eunomia",
        "knitr",
        "rmarkdown",
        "testthat",
        "withr",
        "zip"
      ],
      "License": "Apache License",
      "VignetteBuilder": "knitr",
      "URL": "https://ohdsi.github.io/CohortGenerator/, https://github.com/OHDSI/CohortGenerator",
      "BugReports": "https://github.com/OHDSI/CohortGenerator/issues",
      "RoxygenNote": "7.3.1",
      "Encoding": "UTF-8",
      "Language": "en-US",
      "Author": "Anthony Sena [aut, cre], Jamie Gilbert [aut], Gowtham Rao [aut], Martijn Schuemie [aut], Observational Health Data Science and Informatics [cph]",
      "RemoteType": "github",
      "RemoteHost": "api.github.com",
      "RemoteUsername": "OHDSI",
      "RemoteRepo": "CohortGenerator",
      "RemoteRef": "v0.11.2",
      "RemoteSha": "fc286833dde208cbe2ad2e0f1d20a21827be107f"
    },
    "CommonDataModel": {
      "Package": "CommonDataModel",
      "Version": "0.1.0",
      "Source": "GitHub",
      "Type": "Package",
      "Title": "OMOP CDM DDL and Documentation Generator",
      "Author": "Clair Blacketer [aut, cre]",
      "Maintainer": "Clair Blacketer <mblacke@its.jnj.com>",
      "Description": "This package uses an input csv file to create the OHDSql version of the DDL as well as the documentation associated. Then it leverages the SqlRender package to convert the DDL script written in OHDSql to the other supported dialects.",
      "License": "Apache License 2.0",
      "Encoding": "UTF-8",
      "LazyData": "true",
      "VignetteBuilder": "knitr",
      "Imports": [
        "SqlRender",
        "rmarkdown",
        "stringr",
        "readxl",
        "DatabaseConnector",
        "DBI",
        "dplyr",
        "readr"
      ],
      "Suggests": [
        "knitr",
        "testthat (>= 3.0.0)",
        "RSQLite",
        "withr"
      ],
      "NeedsCompilation": "no",
      "RoxygenNote": "7.2.1",
      "Config/testthat/edition": "3",
      "RemoteType": "github",
      "RemoteHost": "api.github.com",
      "RemoteUsername": "OHDSI",
      "RemoteRepo": "CommonDataModel",
      "RemoteRef": "v5.4.1",
      "RemoteSha": "4432382693f4e824f2fd5e482692c33772b7568a"
    },
    "DataQualityDashboard": {
      "Package": "DataQualityDashboard",
      "Version": "2.6.0",
      "Source": "GitHub",
      "Type": "Package",
      "Title": "Execute and View Data Quality Checks on OMOP CDM Database",
      "Date": "2024-02-21",
      "Authors@R": "c( person(\"Katy\", \"Sadowski\", email = \"sadowski@ohdsi.org\", role = c(\"aut\", \"cre\")), person(\"Clair\", \"Blacketer\", role = c(\"aut\")), person(\"Ajit\", \"Londhe\", role = c(\"aut\")), person(\"Anthony\", \"Sena\", role = c(\"aut\")), person(\"Anthony\", \"Molinaro\", role = c(\"aut\")), person(\"Frank\", \"DeFalco\", role = c(\"aut\")), person(\"Pavel\", \"Grafkin\", role = c(\"aut\")) )",
      "Maintainer": "Katy Sadowski <sadowski@ohdsi.org>",
      "Description": "An R package for assessing data quality in standardized OMOP Common Data Model data sources.",
      "License": "Apache License (>= 2)",
      "Config/build/clean-inst-doc": "FALSE",
      "VignetteBuilder": "knitr",
      "Config/testthat/edition": "3",
      "URL": "https://github.com/OHDSI/DataQualityDashboard",
      "BugReports": "https://github.com/OHDSI/DataQualityDashboard/issues",
      "Depends": [
        "R (>= 3.2.2)",
        "DatabaseConnector (>= 2.0.2)"
      ],
      "Imports": [
        "magrittr",
        "ParallelLogger",
        "dplyr",
        "jsonlite",
        "rJava",
        "SqlRender (>= 1.10.1)",
        "plyr",
        "stringr",
        "rlang",
        "tidyselect",
        "readr"
      ],
      "Suggests": [
        "testthat",
        "knitr",
        "rmarkdown",
        "markdown",
        "shiny",
        "ggplot2",
        "Eunomia",
        "R.utils"
      ],
      "RoxygenNote": "7.2.2",
      "Encoding": "UTF-8",
      "Author": "Katy Sadowski [aut, cre], Clair Blacketer [aut], Ajit Londhe [aut], Anthony Sena [aut], Anthony Molinaro [aut], Frank DeFalco [aut], Pavel Grafkin [aut]",
      "RemoteType": "github",
      "RemoteHost": "api.github.com",
      "RemoteUsername": "OHDSI",
      "RemoteRepo": "DataQualityDashboard",
      "RemoteRef": "v2.6.0",
      "RemoteSha": "ac1babaa4c201e7e4e91f67033e2662da2a6b773",
      "Remotes": "ohdsi/Eunomia"
    },
    "DatabaseConnector": {
      "Package": "DatabaseConnector",
      "Version": "6.3.2",
      "Source": "GitHub",
      "Type": "Package",
      "Title": "Connecting to Various Database Platforms",
      "Date": "2023-12-11",
      "Authors@R": "c( person(\"Martijn\", \"Schuemie\", email = \"schuemie@ohdsi.org\", role = c(\"aut\", \"cre\")), person(\"Marc\", \"Suchard\", role = c(\"aut\")), person(\"Observational Health Data Science and Informatics\", role = c(\"cph\")), person(\"Microsoft Inc.\", role = c(\"cph\"), comment = \"SQL Server JDBC driver\"), person(\"PostgreSQL Global Development Group\", role = c(\"cph\"), comment = \"PostgreSQL JDBC driver\"), person(\"Oracle Inc.\", role = c(\"cph\"), comment = \"Oracle  JDBC driver\"), person(\"Amazon Inc.\", role = c(\"cph\"), comment = \"RedShift  JDBC driver\") )",
      "Description": "An R 'DataBase Interface' ('DBI') compatible interface to various database platforms ('PostgreSQL', 'Oracle', 'Microsoft SQL Server',  'Amazon Redshift', 'Microsoft Parallel Database Warehouse', 'IBM Netezza', 'Apache Impala', 'Google BigQuery', 'Snowflake', 'Spark', and 'SQLite'). Also includes support for fetching data as 'Andromeda' objects. Uses either 'Java Database Connectivity' ('JDBC') or other 'DBI' drivers to connect to databases.",
      "SystemRequirements": "Java (>= 8)",
      "Depends": [
        "R (>= 4.0.0)"
      ],
      "Imports": [
        "rJava",
        "SqlRender (>= 1.16.0)",
        "methods",
        "stringr",
        "readr",
        "rlang",
        "utils",
        "DBI (>= 1.0.0)",
        "urltools",
        "bit64",
        "checkmate",
        "digest",
        "dbplyr (>= 2.2.0)"
      ],
      "Suggests": [
        "aws.s3",
        "R.utils",
        "withr",
        "testthat",
        "DBItest",
        "knitr",
        "rmarkdown",
        "RSQLite",
        "ssh",
        "Andromeda",
        "dplyr",
        "RPostgres",
        "odbc",
        "duckdb",
        "pool",
        "ParallelLogger"
      ],
      "License": "Apache License",
      "# VignetteBuilder": "knitr",
      "URL": "https://ohdsi.github.io/DatabaseConnector/, https://github.com/OHDSI/DatabaseConnector",
      "BugReports": "https://github.com/OHDSI/DatabaseConnector/issues",
      "Copyright": "See file COPYRIGHTS",
      "RoxygenNote": "7.2.3",
      "Roxygen": "list(markdown = TRUE)",
      "Encoding": "UTF-8",
      "Author": "Martijn Schuemie [aut, cre], Marc Suchard [aut], Observational Health Data Science and Informatics [cph], Microsoft Inc. [cph] (SQL Server JDBC driver), PostgreSQL Global Development Group [cph] (PostgreSQL JDBC driver), Oracle Inc. [cph] (Oracle JDBC driver), Amazon Inc. [cph] (RedShift JDBC driver)",
      "Maintainer": "Martijn Schuemie <schuemie@ohdsi.org>",
      "RemoteType": "github",
      "RemoteHost": "api.github.com",
      "RemoteUsername": "data2evidence",
      "RemoteRepo": "d2e-DatabaseConnector",
      "RemoteRef": "alp-dqd",
      "RemoteSha": "4a20bfccf83ac8a738091184cffed62429d262f2"
    },
    "PhenotypeLibrary": {
      "Package": "PhenotypeLibrary",
      "Version": "3.37.0",
      "Source": "GitHub",
      "Type": "Package",
      "Title": "The OHDSI Phenotype Library",
      "Date": "2026-04-09",
      "Author": "Gowtham Rao [aut, cre]",
      "Maintainer": "Gowtham Rao <rao@ohdsi.org>",
      "Description": "A repository to store the content of the OHDSI Phenotype library.",
      "Depends": [
        "R (>= 4.1.0)"
      ],
      "Imports": [
        "checkmate",
        "readr",
        "stringr",
        "dplyr",
        "rlang"
      ],
      "Suggests": [
        "reactable",
        "testthat",
        "knitr"
      ],
      "License": "Apache License",
      "RoxygenNote": "7.3.2",
      "Roxygen": "list(markdown = TRUE)",
      "Encoding": "UTF-8",
      "Language": "en-US",
      "VignetteBuilder": "knitr",
      "URL": "https://ohdsi.github.io/PhenotypeLibrary/, https://github.com/OHDSI/PhenotypeLibrary",
      "BugReports": "https://github.com/OHDSI/PhenotypeLibrary/issues",
      "RemoteType": "github",
      "RemoteHost": "api.github.com",
      "RemoteUsername": "OHDSI",
      "RemoteRepo": "PhenotypeLibrary",
      "RemoteRef": "v3.37.0",
      "RemoteSha": "40106e4e2892d883c208b9df10ad56711da3e21d"
    },
    "ResultModelManager": {
      "Package": "ResultModelManager",
      "Version": "0.6.0",
      "Source": "Repository",
      "Title": "Result Model Manager",
      "Authors@R": "person(\"Jamie\", \"Gilbert\", , \"gilbert@ohdsi.org\", role = c(\"aut\", \"cre\"))",
      "Description": "Database data model management utilities for R packages in the Observational Health Data Sciences and Informatics programme. 'ResultModelManager' provides utility functions to allow package maintainers to migrate existing SQL database models, export and import results in consistent patterns.",
      "URL": "https://github.com/OHDSI/ResultModelManager, https://ohdsi.github.io/ResultModelManager/",
      "BugReports": "https://github.com/OHDSI/ResultModelManager/issues",
      "License": "Apache License (== 2.0)",
      "Encoding": "UTF-8",
      "VignetteBuilder": "knitr",
      "RoxygenNote": "7.3.2",
      "Depends": [
        "R (>= 4.1.0)",
        "R6",
        "DatabaseConnector (>= 6.0.0)"
      ],
      "Imports": [
        "SqlRender",
        "ParallelLogger",
        "checkmate",
        "DBI",
        "pool",
        "readr",
        "zip",
        "dplyr",
        "dbplyr",
        "rlang",
        "lubridate",
        "fastmap",
        "withr"
      ],
      "Suggests": [
        "testthat (>= 3.0.0)",
        "RSQLite",
        "duckdb",
        "knitr",
        "rmarkdown",
        "keyring",
        "devtools",
        "pkgdown",
        "remotes",
        "styler",
        "rJava",
        "reticulate"
      ],
      "Config/testthat/edition": "3",
      "NeedsCompilation": "no",
      "Author": "Jamie Gilbert [aut, cre]",
      "Maintainer": "Jamie Gilbert <gilbert@ohdsi.org>",
      "Repository": "CRAN"
    },
    "SqlRender": {
      "Package": "SqlRender",
      "Version": "1.19.2",
      "Source": "GitHub",
      "Type": "Package",
      "Title": "Rendering Parameterized SQL and Translation to Dialects",
      "Date": "2025-03-13",
      "Authors@R": "c( person(\"Martijn\", \"Schuemie\", , \"schuemie@ohdsi.org\", role = c(\"aut\", \"cre\")), person(\"Marc\", \"Suchard\", role = c(\"aut\")) )",
      "Maintainer": "Martijn Schuemie <schuemie@ohdsi.org>",
      "Description": "A rendering tool for parameterized SQL that also translates into different SQL dialects.  These dialects include 'Microsoft SQL Server', 'Oracle',  'PostgreSql', 'Amazon RedShift', 'Apache Impala', 'IBM Netezza', 'Google BigQuery', 'Microsoft PDW', 'Snowflake',  'Azure Synapse Analytics Dedicated', 'Apache Spark', 'SQLite', and 'InterSystems IRIS'.",
      "SystemRequirements": "Java (>= 8)",
      "License": "Apache License 2.0",
      "VignetteBuilder": "knitr",
      "URL": "https://ohdsi.github.io/SqlRender/, https://github.com/OHDSI/SqlRender",
      "BugReports": "https://github.com/OHDSI/SqlRender/issues",
      "Imports": [
        "rJava",
        "rlang",
        "checkmate"
      ],
      "Suggests": [
        "testthat",
        "knitr",
        "rmarkdown",
        "shiny",
        "shinydashboard"
      ],
      "RoxygenNote": "7.3.2",
      "Encoding": "UTF-8",
      "Author": "Martijn Schuemie [aut, cre], Marc Suchard [aut]",
      "RemoteType": "github",
      "RemoteHost": "api.github.com",
      "RemoteUsername": "data2evidence",
      "RemoteRepo": "d2e-SqlRender",
      "RemoteRef": "alp-dqd",
      "RemoteSha": "26ed300a81f474c8ae81f1f9294d8d83d00d8cbf"
    },
    "shinylive": {
      "Package": "shinylive",
      "Version": "0.3.0",
      "Source": "Repository",
      "Repository": "CRAN"
    }
  }
}
