{
  "R": {
    "Version": "4.4.3",
    "Repositories": [
      {
        "Name": "CRAN",
        "URL": "https://packagemanager.posit.co/cran/2025-09-22"
      }
    ]
  },
  "Packages": {
    "ARTEMIS": {
      "Package": "ARTEMIS",
      "Version": "1.0.0.1",
      "Source": "GitHub",
      "Type": "Package",
      "Title": "Chemotherapy regimen detection via temporal alignment algorithms",
      "Author": "Laurence Lawrence-Archer",
      "Maintainer": "This package is maintained by Laurence Lawrence-Archer <ldyer2006@gmail.com>",
      "Description": "A chemotherapy regimen detection algorithm is implemented alongside methods to generate patient-level data from an OMOP-CDM compliant database. Utilising a temporally sensitive Smith-Waterman local alignment algorithm, we aim to generate a set of aligned drug regimens for each patient's experienced drug profile, thus allowing a simplification and summarisation of otherwise unreadable drug occurrences.",
      "Imports": [
        "reticulate (>= 1.27-9000)",
        "DatabaseConnector",
        "dplyr",
        "data.table",
        "ggplot2",
        "lubridate",
        "cli",
        "magrittr",
        "stringi",
        "stats",
        "utils",
        "stringr",
        "here",
        "tidyr",
        "networkD3",
        "webshot",
        "reshape2",
        "ggsci",
        "gridExtra",
        "methods"
      ],
      "License": "Apache License (>= 2)",
      "VignetteBuilder": "knitr",
      "Encoding": "UTF-8",
      "LazyData": "true",
      "LazyDataCompression": "xz",
      "RoxygenNote": "7.3.2",
      "Suggests": [
        "testthat (>= 3.0.0)",
        "DBI",
        "duckdb",
        "knitr",
        "rmarkdown"
      ],
      "Config/testthat/edition": "3",
      "Depends": [
        "R (>= 3.5.0)"
      ],
      "RemoteType": "github",
      "RemoteHost": "api.github.com",
      "RemoteUsername": "OHDSI",
      "RemoteRepo": "ARTEMIS",
      "RemoteRef": "main",
      "RemoteSha": "60d120a5d7372df0ba824cc9a461e7c10bc869f1"
    },
    "CirceR": {
      "Package": "CirceR",
      "Version": "1.3.3",
      "Source": "GitHub",
      "Type": "Package",
      "Title": "Construct Cohort Inclusion and Restriction Criteria Expressions",
      "Date": "2024-03-20",
      "Authors@R": "c( person(\"Chris\", \"Knoll\", , \"cknoll@ohdsi.org\", role = c(\"aut\", \"cre\")), person(\"Martijn\", \"Schuemie\", role = c(\"aut\")) )",
      "Maintainer": "Chris Knoll <cknoll@ohdsi.org>",
      "Description": "Wraps the 'CIRCE' (<https://github.com/ohdsi/circe-be>) 'Java' library allowing cohort definition expressions to be edited and converted to  'Markdown' or 'SQL'.",
      "License": "Apache License 2.0",
      "URL": "https://ohdsi.github.io/CirceR/, https://github.com/OHDSI/CirceR/",
      "BugReports": "https://github.com/OHDSI/CirceR/issues/",
      "SystemRequirements": "Java (>= 8)",
      "Depends": [
        "R (>= 3.5.0)"
      ],
      "Imports": [
        "rJava",
        "RJSONIO"
      ],
      "Suggests": [
        "testthat",
        "knitr",
        "rmarkdown"
      ],
      "NeedsCompilation": "no",
      "RoxygenNote": "7.3.1",
      "Language": "en-US",
      "Encoding": "UTF-8",
      "Author": "Chris Knoll [aut, cre], Martijn Schuemie [aut]",
      "RemoteType": "github",
      "RemoteHost": "api.github.com",
      "RemoteUsername": "OHDSI",
      "RemoteRepo": "CirceR",
      "RemoteRef": "main",
      "RemoteSha": "30303ec28bfd3bd4deffc9f84e7b8f9ddbf93c77"
    },
    "CohortGenerator": {
      "Package": "CohortGenerator",
      "Version": "1.0.1",
      "Source": "GitHub",
      "Type": "Package",
      "Title": "Cohort Generation for the OMOP Common Data Model",
      "Date": "2025-11-17",
      "Authors@R": "c( person(\"Anthony\", \"Sena\", email = \"sena@ohdsi.org\", role = c(\"aut\", \"cre\")), person(\"Jamie\", \"Gilbert\", role = c(\"aut\")), person(\"Gowtham\", \"Rao\", email = \"gowthamrao@gmail.com\", role = c(\"aut\")), person(\"Freddy\", \"Avila Cruz\", role = c(\"aut\")), person(\"Martijn\", \"Schuemie\", email = \"schuemie@ohdsi.org\", role = c(\"aut\")), person(\"Observational Health Data Science and Informatics\", role = c(\"cph\")) )",
      "Maintainer": "Anthony Sena <sena@ohdsi.org>",
      "Description": "Generate cohorts and subsets using an Observational  Medical Outcomes Partnership (OMOP) Common Data Model (CDM) Database.  Cohorts are  defined using 'CIRCE' (<https://github.com/ohdsi/circe-be>) or  SQL compatible with 'SqlRender' (<https://github.com/OHDSI/SqlRender>).",
      "Depends": [
        "DatabaseConnector (>= 5.0.0)",
        "R (>= 4.1.0)",
        "R6"
      ],
      "Imports": [
        "checkmate",
        "digest",
        "dplyr",
        "lubridate",
        "methods",
        "ParallelLogger (>= 3.0.0)",
        "readr (>= 2.1.0)",
        "rlang",
        "jsonlite",
        "ResultModelManager (>= 0.6.0)",
        "SqlRender (>= 1.11.1)",
        "stringi (>= 1.7.6)",
        "tibble"
      ],
      "Suggests": [
        "CirceR (>= 1.1.1)",
        "duckdb",
        "Eunomia",
        "ggplot2",
        "knitr",
        "rmarkdown",
        "testthat",
        "withr",
        "zip"
      ],
      "License": "Apache License",
      "VignetteBuilder": "knitr",
      "URL": "https://ohdsi.github.io/CohortGenerator/, https://github.com/OHDSI/CohortGenerator",
      "BugReports": "https://github.com/OHDSI/CohortGenerator/issues",
      "RoxygenNote": "7.3.3",
      "Encoding": "UTF-8",
      "Language": "en-US",
      "LazyData": "true",
      "Author": "Anthony Sena [aut, cre], Jamie Gilbert [aut], Gowtham Rao [aut], Freddy Avila Cruz [aut], Martijn Schuemie [aut], Observational Health Data Science and Informatics [cph]",
      "RemoteType": "github",
      "RemoteHost": "api.github.com",
      "RemoteUsername": "OHDSI",
      "RemoteRepo": "CohortGenerator",
      "RemoteRef": "main",
      "RemoteSha": "9b7f6c9e47e52dd04277c31d6a3fac7b93b78eec"
    },
    "CommonDataModel": {
      "Package": "CommonDataModel",
      "Version": "1.0.1",
      "Source": "Repository",
      "Type": "Package",
      "Title": "OMOP CDM DDL and Documentation Generator",
      "Authors@R": "person(given = \"Clair\", family = \"Blacketer\", role = c(\"aut\", \"cre\"), email = \"mblacke@its.jnj.com\")",
      "Maintainer": "Clair Blacketer <mblacke@its.jnj.com>",
      "Description": "Generates the scripts required to create an Observational Medical Outcomes Partnership (OMOP) Common Data Model (CDM) database and associated documentation for supported database platforms. Leverages the 'SqlRender' package to convert the Data Definition Language (DDL) script written in parameterized Structured Query Language (SQL) to the other supported dialects.",
      "License": "Apache License 2.0",
      "Encoding": "UTF-8",
      "Depends": [
        "DatabaseConnector",
        "SqlRender",
        "rJava"
      ],
      "Imports": [
        "rmarkdown",
        "stringr",
        "DBI",
        "dplyr",
        "readr"
      ],
      "Suggests": [
        "knitr",
        "testthat (>= 3.0.0)",
        "RSQLite",
        "withr"
      ],
      "NeedsCompilation": "no",
      "RoxygenNote": "7.2.3",
      "Config/testthat/edition": "3",
      "Author": "Clair Blacketer [aut, cre]",
      "Repository": "CRAN"
    },
    "DatabaseConnector": {
      "Package": "DatabaseConnector",
      "Version": "7.0.0",
      "Source": "GitHub",
      "Type": "Package",
      "Title": "Connecting to Various Database Platforms",
      "Date": "2025-09-023",
      "Authors@R": "c( person(\"Martijn\", \"Schuemie\", email = \"schuemie@ohdsi.org\", role = c(\"aut\", \"cre\")), person(\"Marc\", \"Suchard\", role = c(\"aut\")), person(\"Adam\", \"Black\", role = c(\"aut\")), person(\"Observational Health Data Science and Informatics\", role = c(\"cph\")), person(\"Microsoft Inc.\", role = c(\"cph\"), comment = \"SQL Server JDBC driver\"), person(\"PostgreSQL Global Development Group\", role = c(\"cph\"), comment = \"PostgreSQL JDBC driver\"), person(\"Oracle Inc.\", role = c(\"cph\"), comment = \"Oracle  JDBC driver\"), person(\"Amazon Inc.\", role = c(\"cph\"), comment = \"RedShift  JDBC driver\") )",
      "Description": "An R 'DataBase Interface' ('DBI') compatible interface to various database platforms ('PostgreSQL', 'Oracle', 'Microsoft SQL Server',  'Amazon Redshift', 'Microsoft Parallel Database Warehouse', 'IBM Netezza', 'Apache Impala', 'Google BigQuery', 'Snowflake', 'Spark', 'SQLite',  and 'InterSystems IRIS'). Also includes support for fetching data as 'Andromeda' objects. Uses either 'Java Database Connectivity' ('JDBC') or  other 'DBI' drivers to connect to databases.",
      "SystemRequirements": "Java (>= 8)",
      "Depends": [
        "R (>= 4.0.0)"
      ],
      "Imports": [
        "rJava",
        "SqlRender (>= 1.19.2)",
        "methods",
        "stringr",
        "readr",
        "rlang",
        "utils",
        "DBI (>= 1.0.0)",
        "urltools",
        "bit64",
        "checkmate",
        "digest",
        "dbplyr (>= 2.2.0)"
      ],
      "Suggests": [
        "aws.s3",
        "R.utils",
        "withr",
        "testthat",
        "DBItest",
        "knitr",
        "rmarkdown",
        "RSQLite",
        "ssh",
        "Andromeda",
        "dplyr",
        "RPostgres",
        "odbc",
        "duckdb",
        "bigrquery",
        "pool",
        "ParallelLogger",
        "AzureStor"
      ],
      "License": "Apache License",
      "VignetteBuilder": "knitr",
      "URL": "https://ohdsi.github.io/DatabaseConnector/, https://github.com/OHDSI/DatabaseConnector",
      "BugReports": "https://github.com/OHDSI/DatabaseConnector/issues",
      "Copyright": "See file COPYRIGHTS",
      "RoxygenNote": "7.3.3",
      "Roxygen": "list(markdown = TRUE)",
      "Encoding": "UTF-8",
      "Author": "Martijn Schuemie [aut, cre], Marc Suchard [aut], Adam Black [aut], Observational Health Data Science and Informatics [cph], Microsoft Inc. [cph] (SQL Server JDBC driver), PostgreSQL Global Development Group [cph] (PostgreSQL JDBC driver), Oracle Inc. [cph] (Oracle JDBC driver), Amazon Inc. [cph] (RedShift JDBC driver)",
      "Maintainer": "Martijn Schuemie <schuemie@ohdsi.org>",
      "RemoteType": "github",
      "RemoteHost": "api.github.com",
      "RemoteUsername": "OHDSI",
      "RemoteRepo": "DatabaseConnector",
      "RemoteRef": "main",
      "RemoteSha": "ff23e17bde59495d87443be24549f366303e575d"
    },
    "Eunomia": {
      "Package": "Eunomia",
      "Version": "2.1.0",
      "Source": "GitHub",
      "Type": "Package",
      "Title": "Standard Dataset Manager for Observational Medical Outcomes Partnership Common Data Model Sample Datasets",
      "Date": "2025-05-16",
      "Authors@R": "c( person(\"Frank\", \"DeFalco\", , \"fdefalco@ohdsi.org\", role = c(\"aut\", \"cre\")), person(\"Martijn\", \"Schuemie\", , \"schuemie@ohdsi.org\", role = c(\"aut\")), person(\"Anthony\", \"Sena\", , \"sena@ohdsi.org\", role=c(\"aut\")), person(\"Natthawut\", \"Adulyanukosol\", , \"na339@unc.edu\", role=c(\"aut\")), person(\"Star\", \"Liu\", , \"sliu197@jhmi.edu\", role=c(\"aut\")), person(\"Adam\", \"Black\", , \"black@ohdsi.org\", role = c(\"aut\")), person(\"Observational Health Data Science and Informatics\", role = c(\"cph\")) )",
      "Maintainer": "Frank DeFalco <fdefalco@ohdsi.org>",
      "Description": "Facilitates access to sample datasets from the 'EunomiaDatasets' repository (<https://github.com/ohdsi/EunomiaDatasets>).",
      "License": "Apache License 2.0",
      "URL": "https://ohdsi.github.io/Eunomia/, https://github.com/OHDSI/Eunomia",
      "BugReports": "https://github.com/OHDSI/Eunomia/issues",
      "Imports": [
        "readr",
        "rlang",
        "RSQLite",
        "DBI",
        "arrow",
        "CommonDataModel"
      ],
      "Suggests": [
        "testthat",
        "withr",
        "duckdb",
        "DatabaseConnector"
      ],
      "Encoding": "UTF-8",
      "RoxygenNote": "7.3.1",
      "RemoteType": "github",
      "RemoteHost": "api.github.com",
      "RemoteRepo": "Eunomia",
      "RemoteUsername": "OHDSI",
      "RemoteRef": "HEAD",
      "RemoteSha": "f5462843b10e47bead3fa51a1235ec3aeb87676f",
      "NeedsCompilation": "no",
      "Author": "Frank DeFalco [aut, cre], Martijn Schuemie [aut], Anthony Sena [aut], Natthawut Adulyanukosol [aut], Star Liu [aut], Adam Black [aut], Observational Health Data Science and Informatics [cph]"
    },
    "ResultModelManager": {
      "Package": "ResultModelManager",
      "Version": "0.6.0",
      "Source": "Repository",
      "Title": "Result Model Manager",
      "Authors@R": "person(\"Jamie\", \"Gilbert\", , \"gilbert@ohdsi.org\", role = c(\"aut\", \"cre\"))",
      "Description": "Database data model management utilities for R packages in the Observational Health Data Sciences and Informatics programme. 'ResultModelManager' provides utility functions to allow package maintainers to migrate existing SQL database models, export and import results in consistent patterns.",
      "URL": "https://github.com/OHDSI/ResultModelManager, https://ohdsi.github.io/ResultModelManager/",
      "BugReports": "https://github.com/OHDSI/ResultModelManager/issues",
      "License": "Apache License (== 2.0)",
      "Encoding": "UTF-8",
      "VignetteBuilder": "knitr",
      "RoxygenNote": "7.3.2",
      "Depends": [
        "R (>= 4.1.0)",
        "R6",
        "DatabaseConnector (>= 6.0.0)"
      ],
      "Imports": [
        "SqlRender",
        "ParallelLogger",
        "checkmate",
        "DBI",
        "pool",
        "readr",
        "zip",
        "dplyr",
        "dbplyr",
        "rlang",
        "lubridate",
        "fastmap",
        "withr"
      ],
      "Suggests": [
        "testthat (>= 3.0.0)",
        "RSQLite",
        "duckdb",
        "knitr",
        "rmarkdown",
        "keyring",
        "devtools",
        "pkgdown",
        "remotes",
        "styler",
        "rJava",
        "reticulate"
      ],
      "Config/testthat/edition": "3",
      "NeedsCompilation": "no",
      "Author": "Jamie Gilbert [aut, cre]",
      "Maintainer": "Jamie Gilbert <gilbert@ohdsi.org>",
      "Repository": "RSPM"
    },
    "SqlRender": {
      "Package": "SqlRender",
      "Version": "1.19.4",
      "Source": "GitHub",
      "Type": "Package",
      "Title": "Rendering Parameterized SQL and Translation to Dialects",
      "Date": "2025-09-26",
      "Authors@R": "c( person(\"Martijn\", \"Schuemie\", , \"schuemie@ohdsi.org\", role = c(\"aut\", \"cre\")), person(\"Marc\", \"Suchard\", role = c(\"aut\")) )",
      "Maintainer": "Martijn Schuemie <schuemie@ohdsi.org>",
      "Description": "A rendering tool for parameterized SQL that also translates into different SQL dialects.  These dialects include 'Microsoft SQL Server', 'Oracle',  'PostgreSql', 'Amazon RedShift', 'Apache Impala', 'IBM Netezza', 'Google BigQuery', 'Microsoft PDW', 'Snowflake',  'Azure Synapse Analytics Dedicated', 'Apache Spark', 'SQLite', and 'InterSystems IRIS'.",
      "SystemRequirements": "Java (>= 8)",
      "License": "Apache License 2.0",
      "VignetteBuilder": "knitr",
      "URL": "https://ohdsi.github.io/SqlRender/, https://github.com/OHDSI/SqlRender",
      "BugReports": "https://github.com/OHDSI/SqlRender/issues",
      "Imports": [
        "rJava",
        "rlang",
        "checkmate"
      ],
      "Suggests": [
        "testthat",
        "knitr",
        "rmarkdown",
        "shiny",
        "shinydashboard"
      ],
      "RoxygenNote": "7.3.3",
      "Encoding": "UTF-8",
      "Author": "Martijn Schuemie [aut, cre], Marc Suchard [aut]",
      "RemoteType": "github",
      "RemoteHost": "api.github.com",
      "RemoteUsername": "OHDSI",
      "RemoteRepo": "SqlRender",
      "RemoteRef": "main",
      "RemoteSha": "97eb3b441bb98fa51676c54eca20b296fdcfbf21"
    }
  }
}
